
Microsoft Visual Studio Solution File, Format Version 12.00
# Visual Studio Version 17
VisualStudioVersion = 17.14.36408.4
MinimumVisualStudioVersion = 10.0.40219.1
Project("{FAE04EC0-301F-11D3-BF4B-00C04F79EFBC}") = "ProjetoFilme", "ProjetoFilme\ProjetoFilme.csproj", "{63824DCD-C328-4D0C-AF34-9F3A6A8E9390}"
EndProject
Project("{FAE04EC0-301F-11D3-BF4B-00C04F79EFBC}") = "ProjetoFilme.Tests", "ProjetoFilme.Tests\ProjetoFilme.Tests.csproj", "{B662FB22-0EB5-4A37-BD4B-7503504C329A}"
EndProject
Global
	GlobalSection(SolutionConfigurationPlatforms) = preSolution
		Debug|Any CPU = Debug|Any CPU
		Release|Any CPU = Release|Any CPU
	EndGlobalSection
	GlobalSection(ProjectConfigurationPlatforms) = postSolution
		{63824DCD-C328-4D0C-AF34-9F3A6A8E9390}.Debug|Any CPU.ActiveCfg = Debug|Any CPU
		{63824DCD-C328-4D0C-AF34-9F3A6A8E9390}.Debug|Any CPU.Build.0 = Debug|Any CPU
		{63824DCD-C328-4D0C-AF34-9F3A6A8E9390}.Release|Any CPU.ActiveCfg = Release|Any CPU
		{63824DCD-C328-4D0C-AF34-9F3A6A8E9390}.Release|Any CPU.Build.0 = Release|Any CPU
		{B662FB22-0EB5-4A37-BD4B-7503504C329A}.Debug|Any CPU.ActiveCfg = Debug|Any CPU
		{B662FB22-0EB5-4A37-BD4B-7503504C329A}.Debug|Any CPU.Build.0 = Debug|Any CPU
		{B662FB22-0EB5-4A37-BD4B-7503504C329A}.Release|Any CPU.ActiveCfg = Release|Any CPU
		{B662FB22-0EB5-4A37-BD4B-7503504C329A}.Release|Any CPU.Build.0 = Release|Any CPU
	EndGlobalSection
	GlobalSection(SolutionProperties) = preSolution
		HideSolutionNode = FALSE
	EndGlobalSection
	GlobalSection(ExtensibilityGlobals) = postSolution
		SolutionGuid = {EE229B28-FE57-4DE2-B54C-F62ED9832B64}
	EndGlobalSection
EndGlobal
